
Microsoft Visual Studio Solution File, Format Version 12.00
# Visual Studio 15
Project("{FAE04EC0-301F-11D3-BF4B-00C04F79EFBC}") = "STOCI.App.Android", "STOCI.App.Android\STOCI.App.Android.csproj", "{D4555F09-0894-4CFB-A910-23BAA5B050BF}"
EndProject
Project("{FAE04EC0-301F-11D3-BF4B-00C04F79EFBC}") = "STOCI.App.iOS", "STOCI.App.iOS\STOCI.App.iOS.csproj", "{796FE844-3878-41C2-9950-B2C8F7AB1B3F}"
EndProject
Project("{FAE04EC0-301F-11D3-BF4B-00C04F79EFBC}") = "STOCI.App", "STOCI.App\STOCI.App.csproj", "{FB896665-4B31-4910-AD05-CBB02CF20327}"
EndProject
Global
	GlobalSection(SolutionConfigurationPlatforms) = preSolution
		Debug|Any CPU = Debug|Any CPU
		Release|Any CPU = Release|Any CPU
		Debug|iPhoneSimulator = Debug|iPhoneSimulator
		Release|iPhoneSimulator = Release|iPhoneSimulator
		Debug|iPhone = Debug|iPhone
		Release|iPhone = Release|iPhone
		Ad-Hoc|iPhone = Ad-Hoc|iPhone
		AppStore|iPhone = AppStore|iPhone
	EndGlobalSection
	GlobalSection(ProjectConfigurationPlatforms) = postSolution
		{D4555F09-0894-4CFB-A910-23BAA5B050BF}.Debug|Any CPU.ActiveCfg = Debug|Any CPU
		{D4555F09-0894-4CFB-A910-23BAA5B050BF}.Debug|Any CPU.Build.0 = Debug|Any CPU
		{D4555F09-0894-4CFB-A910-23BAA5B050BF}.Release|Any CPU.ActiveCfg = Release|Any CPU
		{D4555F09-0894-4CFB-A910-23BAA5B050BF}.Release|Any CPU.Build.0 = Release|Any CPU
		{D4555F09-0894-4CFB-A910-23BAA5B050BF}.Debug|iPhoneSimulator.ActiveCfg = Debug|Any CPU
		{D4555F09-0894-4CFB-A910-23BAA5B050BF}.Debug|iPhoneSimulator.Build.0 = Debug|Any CPU
		{D4555F09-0894-4CFB-A910-23BAA5B050BF}.Release|iPhoneSimulator.ActiveCfg = Release|Any CPU
		{D4555F09-0894-4CFB-A910-23BAA5B050BF}.Release|iPhoneSimulator.Build.0 = Release|Any CPU
		{D4555F09-0894-4CFB-A910-23BAA5B050BF}.Debug|iPhone.ActiveCfg = Debug|Any CPU
		{D4555F09-0894-4CFB-A910-23BAA5B050BF}.Debug|iPhone.Build.0 = Debug|Any CPU
		{D4555F09-0894-4CFB-A910-23BAA5B050BF}.Release|iPhone.ActiveCfg = Release|Any CPU
		{D4555F09-0894-4CFB-A910-23BAA5B050BF}.Release|iPhone.Build.0 = Release|Any CPU
		{D4555F09-0894-4CFB-A910-23BAA5B050BF}.Ad-Hoc|iPhone.ActiveCfg = Debug|Any CPU
		{D4555F09-0894-4CFB-A910-23BAA5B050BF}.Ad-Hoc|iPhone.Build.0 = Debug|Any CPU
		{D4555F09-0894-4CFB-A910-23BAA5B050BF}.AppStore|iPhone.ActiveCfg = Debug|Any CPU
		{D4555F09-0894-4CFB-A910-23BAA5B050BF}.AppStore|iPhone.Build.0 = Debug|Any CPU
		{796FE844-3878-41C2-9950-B2C8F7AB1B3F}.Debug|Any CPU.ActiveCfg = Debug|iPhoneSimulator
		{796FE844-3878-41C2-9950-B2C8F7AB1B3F}.Debug|Any CPU.Build.0 = Debug|iPhoneSimulator
		{796FE844-3878-41C2-9950-B2C8F7AB1B3F}.Release|Any CPU.ActiveCfg = Release|iPhoneSimulator
		{796FE844-3878-41C2-9950-B2C8F7AB1B3F}.Release|Any CPU.Build.0 = Release|iPhoneSimulator
		{796FE844-3878-41C2-9950-B2C8F7AB1B3F}.Debug|iPhoneSimulator.ActiveCfg = Debug|iPhoneSimulator
		{796FE844-3878-41C2-9950-B2C8F7AB1B3F}.Debug|iPhoneSimulator.Build.0 = Debug|iPhoneSimulator
		{796FE844-3878-41C2-9950-B2C8F7AB1B3F}.Release|iPhoneSimulator.ActiveCfg = Release|iPhoneSimulator
		{796FE844-3878-41C2-9950-B2C8F7AB1B3F}.Release|iPhoneSimulator.Build.0 = Release|iPhoneSimulator
		{796FE844-3878-41C2-9950-B2C8F7AB1B3F}.Debug|iPhone.ActiveCfg = Debug|iPhone
		{796FE844-3878-41C2-9950-B2C8F7AB1B3F}.Debug|iPhone.Build.0 = Debug|iPhone
		{796FE844-3878-41C2-9950-B2C8F7AB1B3F}.Release|iPhone.ActiveCfg = Release|iPhone
		{796FE844-3878-41C2-9950-B2C8F7AB1B3F}.Release|iPhone.Build.0 = Release|iPhone
		{796FE844-3878-41C2-9950-B2C8F7AB1B3F}.Ad-Hoc|iPhone.ActiveCfg = Ad-Hoc|iPhone
		{796FE844-3878-41C2-9950-B2C8F7AB1B3F}.Ad-Hoc|iPhone.Build.0 = Ad-Hoc|iPhone
		{796FE844-3878-41C2-9950-B2C8F7AB1B3F}.AppStore|iPhone.ActiveCfg = AppStore|iPhone
		{796FE844-3878-41C2-9950-B2C8F7AB1B3F}.AppStore|iPhone.Build.0 = AppStore|iPhone
		{FB896665-4B31-4910-AD05-CBB02CF20327}.Debug|Any CPU.ActiveCfg = Debug|Any CPU
		{FB896665-4B31-4910-AD05-CBB02CF20327}.Debug|Any CPU.Build.0 = Debug|Any CPU
		{FB896665-4B31-4910-AD05-CBB02CF20327}.Release|Any CPU.ActiveCfg = Release|Any CPU
		{FB896665-4B31-4910-AD05-CBB02CF20327}.Release|Any CPU.Build.0 = Release|Any CPU
		{FB896665-4B31-4910-AD05-CBB02CF20327}.Debug|iPhoneSimulator.ActiveCfg = Debug|Any CPU
		{FB896665-4B31-4910-AD05-CBB02CF20327}.Debug|iPhoneSimulator.Build.0 = Debug|Any CPU
		{FB896665-4B31-4910-AD05-CBB02CF20327}.Release|iPhoneSimulator.ActiveCfg = Release|Any CPU
		{FB896665-4B31-4910-AD05-CBB02CF20327}.Release|iPhoneSimulator.Build.0 = Release|Any CPU
		{FB896665-4B31-4910-AD05-CBB02CF20327}.Debug|iPhone.ActiveCfg = Debug|Any CPU
		{FB896665-4B31-4910-AD05-CBB02CF20327}.Debug|iPhone.Build.0 = Debug|Any CPU
		{FB896665-4B31-4910-AD05-CBB02CF20327}.Release|iPhone.ActiveCfg = Release|Any CPU
		{FB896665-4B31-4910-AD05-CBB02CF20327}.Release|iPhone.Build.0 = Release|Any CPU
		{FB896665-4B31-4910-AD05-CBB02CF20327}.Ad-Hoc|iPhone.ActiveCfg = Debug|Any CPU
		{FB896665-4B31-4910-AD05-CBB02CF20327}.Ad-Hoc|iPhone.Build.0 = Debug|Any CPU
		{FB896665-4B31-4910-AD05-CBB02CF20327}.AppStore|iPhone.ActiveCfg = Debug|Any CPU
		{FB896665-4B31-4910-AD05-CBB02CF20327}.AppStore|iPhone.Build.0 = Debug|Any CPU
	EndGlobalSection
EndGlobal
